
Microsoft Visual Studio Solution File, Format Version 12.00
# Visual Studio Version 17
VisualStudioVersion = 17.2.32505.173
MinimumVisualStudioVersion = 10.0.40219.1
Project("{2150E333-8FDC-42A3-9474-1A3956D46DE8}") = "Core", "Core", "{7449D752-0468-4C2F-8913-67B3341FD953}"
EndProject
Project("{2150E333-8FDC-42A3-9474-1A3956D46DE8}") = "Examples", "Examples", "{E1C2385D-1FE5-4D87-A9F1-153223CD5A0F}"
EndProject
Project("{2150E333-8FDC-42A3-9474-1A3956D46DE8}") = "GrGen", "GrGen", "{645A0F7B-3700-4A76-B682-B14EC4405350}"
EndProject
Project("{FAE04EC0-301F-11D3-BF4B-00C04F79EFBC}") = "UnitTests", "Core\UnitTests\UnitTests.csproj", "{85AEA2C4-0AD5-41E5-809E-53E4093D0BDF}"
EndProject
Project("{2150E333-8FDC-42A3-9474-1A3956D46DE8}") = "Wrapper", "Wrapper", "{5026BCC0-A4EC-49E1-B2C9-229FB6191EAA}"
EndProject
Project("{FAE04EC0-301F-11D3-BF4B-00C04F79EFBC}") = "GrGenWrapper", "GrGen\Wrapper\Wrapper\GrGenWrapper.csproj", "{D8D6E1EA-AFF2-4080-B78D-A9AF52D270C9}"
EndProject
Project("{FAE04EC0-301F-11D3-BF4B-00C04F79EFBC}") = "UnitTests", "GrGen\Wrapper\UnitTests\UnitTests.csproj", "{626C3EFE-CE89-4379-88C0-1613C44C0A0C}"
EndProject
Project("{FAE04EC0-301F-11D3-BF4B-00C04F79EFBC}") = "ObjectModel", "Core\ObjectModel\ObjectModel.csproj", "{3FFD925E-E8D1-4F95-9682-1019D9CD8ACB}"
EndProject
Project("{2150E333-8FDC-42A3-9474-1A3956D46DE8}") = "Backends", "Backends", "{DD79B9A1-9B41-48A3-8B08-8E714CA90D90}"
EndProject
Project("{FAE04EC0-301F-11D3-BF4B-00C04F79EFBC}") = "RhinoGeometryBackend", "Core\Backends\RhinoGeometryBackend\RhinoGeometryBackend.csproj", "{7B27CFC0-8A08-4C63-8888-989E102BDA23}"
EndProject
Project("{FAE04EC0-301F-11D3-BF4B-00C04F79EFBC}") = "XBimSerializationBackend", "Core\Backends\XBimSerializationBackend\XBimSerializationBackend.csproj", "{97599F2C-8977-49A5-8D2D-C3E693EAD909}"
EndProject
Project("{2150E333-8FDC-42A3-9474-1A3956D46DE8}") = "Compiler", "Compiler", "{417223FF-D1DB-4EB2-AF5E-AF5E45524F97}"
EndProject
Project("{FAE04EC0-301F-11D3-BF4B-00C04F79EFBC}") = "GraphCompiler", "Core\Compiler\GraphCompiler\GraphCompiler.csproj", "{53B41218-9271-4F24-B920-28BA078421C3}"
EndProject
Project("{FAE04EC0-301F-11D3-BF4B-00C04F79EFBC}") = "DesignCompiler", "Core\Compiler\DesignCompiler\DesignCompiler.csproj", "{7777971A-19A7-48BD-8B04-E1AC97713421}"
EndProject
Project("{FAE04EC0-301F-11D3-BF4B-00C04F79EFBC}") = "GrGenGraphTransformationBackend", "Core\Backends\GrGenGraphTransformationBackend\GrGenGraphTransformationBackend.csproj", "{029F77F2-A5F1-4AE4-8213-C823B28CDB78}"
EndProject
Global
	GlobalSection(SolutionConfigurationPlatforms) = preSolution
		Debug|Any CPU = Debug|Any CPU
		Release|Any CPU = Release|Any CPU
	EndGlobalSection
	GlobalSection(ProjectConfigurationPlatforms) = postSolution
		{85AEA2C4-0AD5-41E5-809E-53E4093D0BDF}.Debug|Any CPU.ActiveCfg = Debug|Any CPU
		{85AEA2C4-0AD5-41E5-809E-53E4093D0BDF}.Debug|Any CPU.Build.0 = Debug|Any CPU
		{85AEA2C4-0AD5-41E5-809E-53E4093D0BDF}.Release|Any CPU.ActiveCfg = Release|Any CPU
		{85AEA2C4-0AD5-41E5-809E-53E4093D0BDF}.Release|Any CPU.Build.0 = Release|Any CPU
		{D8D6E1EA-AFF2-4080-B78D-A9AF52D270C9}.Debug|Any CPU.ActiveCfg = Debug|Any CPU
		{D8D6E1EA-AFF2-4080-B78D-A9AF52D270C9}.Debug|Any CPU.Build.0 = Debug|Any CPU
		{D8D6E1EA-AFF2-4080-B78D-A9AF52D270C9}.Release|Any CPU.ActiveCfg = Release|Any CPU
		{D8D6E1EA-AFF2-4080-B78D-A9AF52D270C9}.Release|Any CPU.Build.0 = Release|Any CPU
		{626C3EFE-CE89-4379-88C0-1613C44C0A0C}.Debug|Any CPU.ActiveCfg = Debug|Any CPU
		{626C3EFE-CE89-4379-88C0-1613C44C0A0C}.Debug|Any CPU.Build.0 = Debug|Any CPU
		{626C3EFE-CE89-4379-88C0-1613C44C0A0C}.Release|Any CPU.ActiveCfg = Release|Any CPU
		{626C3EFE-CE89-4379-88C0-1613C44C0A0C}.Release|Any CPU.Build.0 = Release|Any CPU
		{3FFD925E-E8D1-4F95-9682-1019D9CD8ACB}.Debug|Any CPU.ActiveCfg = Debug|Any CPU
		{3FFD925E-E8D1-4F95-9682-1019D9CD8ACB}.Debug|Any CPU.Build.0 = Debug|Any CPU
		{3FFD925E-E8D1-4F95-9682-1019D9CD8ACB}.Release|Any CPU.ActiveCfg = Release|Any CPU
		{3FFD925E-E8D1-4F95-9682-1019D9CD8ACB}.Release|Any CPU.Build.0 = Release|Any CPU
		{7B27CFC0-8A08-4C63-8888-989E102BDA23}.Debug|Any CPU.ActiveCfg = Debug|Any CPU
		{7B27CFC0-8A08-4C63-8888-989E102BDA23}.Debug|Any CPU.Build.0 = Debug|Any CPU
		{7B27CFC0-8A08-4C63-8888-989E102BDA23}.Release|Any CPU.ActiveCfg = Release|Any CPU
		{7B27CFC0-8A08-4C63-8888-989E102BDA23}.Release|Any CPU.Build.0 = Release|Any CPU
		{97599F2C-8977-49A5-8D2D-C3E693EAD909}.Debug|Any CPU.ActiveCfg = Debug|Any CPU
		{97599F2C-8977-49A5-8D2D-C3E693EAD909}.Debug|Any CPU.Build.0 = Debug|Any CPU
		{97599F2C-8977-49A5-8D2D-C3E693EAD909}.Release|Any CPU.ActiveCfg = Release|Any CPU
		{97599F2C-8977-49A5-8D2D-C3E693EAD909}.Release|Any CPU.Build.0 = Release|Any CPU
		{53B41218-9271-4F24-B920-28BA078421C3}.Debug|Any CPU.ActiveCfg = Debug|Any CPU
		{53B41218-9271-4F24-B920-28BA078421C3}.Debug|Any CPU.Build.0 = Debug|Any CPU
		{53B41218-9271-4F24-B920-28BA078421C3}.Release|Any CPU.ActiveCfg = Release|Any CPU
		{53B41218-9271-4F24-B920-28BA078421C3}.Release|Any CPU.Build.0 = Release|Any CPU
		{7777971A-19A7-48BD-8B04-E1AC97713421}.Debug|Any CPU.ActiveCfg = Debug|Any CPU
		{7777971A-19A7-48BD-8B04-E1AC97713421}.Debug|Any CPU.Build.0 = Debug|Any CPU
		{7777971A-19A7-48BD-8B04-E1AC97713421}.Release|Any CPU.ActiveCfg = Release|Any CPU
		{7777971A-19A7-48BD-8B04-E1AC97713421}.Release|Any CPU.Build.0 = Release|Any CPU
		{029F77F2-A5F1-4AE4-8213-C823B28CDB78}.Debug|Any CPU.ActiveCfg = Debug|Any CPU
		{029F77F2-A5F1-4AE4-8213-C823B28CDB78}.Debug|Any CPU.Build.0 = Debug|Any CPU
		{029F77F2-A5F1-4AE4-8213-C823B28CDB78}.Release|Any CPU.ActiveCfg = Release|Any CPU
		{029F77F2-A5F1-4AE4-8213-C823B28CDB78}.Release|Any CPU.Build.0 = Release|Any CPU
	EndGlobalSection
	GlobalSection(SolutionProperties) = preSolution
		HideSolutionNode = FALSE
	EndGlobalSection
	GlobalSection(NestedProjects) = preSolution
		{85AEA2C4-0AD5-41E5-809E-53E4093D0BDF} = {7449D752-0468-4C2F-8913-67B3341FD953}
		{5026BCC0-A4EC-49E1-B2C9-229FB6191EAA} = {645A0F7B-3700-4A76-B682-B14EC4405350}
		{D8D6E1EA-AFF2-4080-B78D-A9AF52D270C9} = {5026BCC0-A4EC-49E1-B2C9-229FB6191EAA}
		{626C3EFE-CE89-4379-88C0-1613C44C0A0C} = {5026BCC0-A4EC-49E1-B2C9-229FB6191EAA}
		{3FFD925E-E8D1-4F95-9682-1019D9CD8ACB} = {7449D752-0468-4C2F-8913-67B3341FD953}
		{DD79B9A1-9B41-48A3-8B08-8E714CA90D90} = {7449D752-0468-4C2F-8913-67B3341FD953}
		{7B27CFC0-8A08-4C63-8888-989E102BDA23} = {DD79B9A1-9B41-48A3-8B08-8E714CA90D90}
		{97599F2C-8977-49A5-8D2D-C3E693EAD909} = {DD79B9A1-9B41-48A3-8B08-8E714CA90D90}
		{417223FF-D1DB-4EB2-AF5E-AF5E45524F97} = {7449D752-0468-4C2F-8913-67B3341FD953}
		{53B41218-9271-4F24-B920-28BA078421C3} = {417223FF-D1DB-4EB2-AF5E-AF5E45524F97}
		{7777971A-19A7-48BD-8B04-E1AC97713421} = {417223FF-D1DB-4EB2-AF5E-AF5E45524F97}
		{029F77F2-A5F1-4AE4-8213-C823B28CDB78} = {DD79B9A1-9B41-48A3-8B08-8E714CA90D90}
	EndGlobalSection
	GlobalSection(ExtensibilityGlobals) = postSolution
		SolutionGuid = {C6603D2B-9A5E-4A00-9847-16D1EB38B60D}
	EndGlobalSection
EndGlobal
