
Microsoft Visual Studio Solution File, Format Version 12.00
# Visual Studio Version 17
VisualStudioVersion = 17.2.32505.173
MinimumVisualStudioVersion = 10.0.40219.1
Project("{9A19103F-16F7-4668-BE54-9A1E7A4F7556}") = "DesignGraphMappings", "DesignGraphMappings\DesignGraphMappings.csproj", "{E2D4D85C-4D90-4D9A-9602-C67BE139B37E}"
EndProject
Project("{9A19103F-16F7-4668-BE54-9A1E7A4F7556}") = "DDF-Core", "DDF-Core\DDF-Core.csproj", "{A18B4AB4-6988-418A-A993-73F32B37B6F6}"
EndProject
Project("{9A19103F-16F7-4668-BE54-9A1E7A4F7556}") = "DDF-Core-UnitTests", "DDF-Core-UnitTests\DDF-Core-UnitTests.csproj", "{8B600986-2BDF-467F-ACC9-CE758889C39C}"
EndProject
Global
	GlobalSection(SolutionConfigurationPlatforms) = preSolution
		Debug|Any CPU = Debug|Any CPU
		Release|Any CPU = Release|Any CPU
	EndGlobalSection
	GlobalSection(ProjectConfigurationPlatforms) = postSolution
		{E2D4D85C-4D90-4D9A-9602-C67BE139B37E}.Debug|Any CPU.ActiveCfg = Debug|Any CPU
		{E2D4D85C-4D90-4D9A-9602-C67BE139B37E}.Debug|Any CPU.Build.0 = Debug|Any CPU
		{E2D4D85C-4D90-4D9A-9602-C67BE139B37E}.Release|Any CPU.ActiveCfg = Release|Any CPU
		{E2D4D85C-4D90-4D9A-9602-C67BE139B37E}.Release|Any CPU.Build.0 = Release|Any CPU
		{A18B4AB4-6988-418A-A993-73F32B37B6F6}.Debug|Any CPU.ActiveCfg = Debug|Any CPU
		{A18B4AB4-6988-418A-A993-73F32B37B6F6}.Debug|Any CPU.Build.0 = Debug|Any CPU
		{A18B4AB4-6988-418A-A993-73F32B37B6F6}.Release|Any CPU.ActiveCfg = Release|Any CPU
		{A18B4AB4-6988-418A-A993-73F32B37B6F6}.Release|Any CPU.Build.0 = Release|Any CPU
		{8B600986-2BDF-467F-ACC9-CE758889C39C}.Debug|Any CPU.ActiveCfg = Debug|Any CPU
		{8B600986-2BDF-467F-ACC9-CE758889C39C}.Debug|Any CPU.Build.0 = Debug|Any CPU
		{8B600986-2BDF-467F-ACC9-CE758889C39C}.Release|Any CPU.ActiveCfg = Release|Any CPU
		{8B600986-2BDF-467F-ACC9-CE758889C39C}.Release|Any CPU.Build.0 = Release|Any CPU
	EndGlobalSection
	GlobalSection(SolutionProperties) = preSolution
		HideSolutionNode = FALSE
	EndGlobalSection
	GlobalSection(ExtensibilityGlobals) = postSolution
		SolutionGuid = {AB3F041C-DE49-41F6-9F5E-4AE185C80DB4}
	EndGlobalSection
EndGlobal
