
Microsoft Visual Studio Solution File, Format Version 12.00
# Visual Studio Version 17
VisualStudioVersion = 17.2.32505.173
MinimumVisualStudioVersion = 10.0.40219.1
Project("{2150E333-8FDC-42A3-9474-1A3956D46DE8}") = "Core", "Core", "{7449D752-0468-4C2F-8913-67B3341FD953}"
	ProjectSection(SolutionItems) = preProject
		Core\ObjectModel\DDF-Core-ObjectModel.csproj = Core\ObjectModel\DDF-Core-ObjectModel.csproj
	EndProjectSection
EndProject
Project("{2150E333-8FDC-42A3-9474-1A3956D46DE8}") = "Examples", "Examples", "{E1C2385D-1FE5-4D87-A9F1-153223CD5A0F}"
EndProject
Project("{2150E333-8FDC-42A3-9474-1A3956D46DE8}") = "GrGen", "GrGen", "{645A0F7B-3700-4A76-B682-B14EC4405350}"
EndProject
Project("{FAE04EC0-301F-11D3-BF4B-00C04F79EFBC}") = "DDF-Core-Compiler", "Core\Compiler\DDF-Core-Compiler.csproj", "{53B41218-9271-4F24-B920-28BA078421C3}"
EndProject
Project("{FAE04EC0-301F-11D3-BF4B-00C04F79EFBC}") = "DDF-Core-Compiler-Backend-GrGenXBim", "Core\GGXBBackend\DDF-Core-Compiler-Backend-GrGenXBim.csproj", "{029F77F2-A5F1-4AE4-8213-C823B28CDB78}"
EndProject
Project("{FAE04EC0-301F-11D3-BF4B-00C04F79EFBC}") = "DDF-Core-UnitTests", "Core\UnitTests\DDF-Core-UnitTests.csproj", "{85AEA2C4-0AD5-41E5-809E-53E4093D0BDF}"
EndProject
Project("{2150E333-8FDC-42A3-9474-1A3956D46DE8}") = "Wrapper", "Wrapper", "{5026BCC0-A4EC-49E1-B2C9-229FB6191EAA}"
EndProject
Project("{FAE04EC0-301F-11D3-BF4B-00C04F79EFBC}") = "GrGenWrapper", "GrGen\Wrapper\Wrapper\GrGenWrapper.csproj", "{D8D6E1EA-AFF2-4080-B78D-A9AF52D270C9}"
EndProject
Project("{FAE04EC0-301F-11D3-BF4B-00C04F79EFBC}") = "GrGen-Wrapper-UnitTests", "GrGen\Wrapper\UnitTests\GrGen-Wrapper-UnitTests.csproj", "{626C3EFE-CE89-4379-88C0-1613C44C0A0C}"
EndProject
Global
	GlobalSection(SolutionConfigurationPlatforms) = preSolution
		Debug|Any CPU = Debug|Any CPU
		Release|Any CPU = Release|Any CPU
	EndGlobalSection
	GlobalSection(ProjectConfigurationPlatforms) = postSolution
		{53B41218-9271-4F24-B920-28BA078421C3}.Debug|Any CPU.ActiveCfg = Debug|Any CPU
		{53B41218-9271-4F24-B920-28BA078421C3}.Debug|Any CPU.Build.0 = Debug|Any CPU
		{53B41218-9271-4F24-B920-28BA078421C3}.Release|Any CPU.ActiveCfg = Release|Any CPU
		{53B41218-9271-4F24-B920-28BA078421C3}.Release|Any CPU.Build.0 = Release|Any CPU
		{029F77F2-A5F1-4AE4-8213-C823B28CDB78}.Debug|Any CPU.ActiveCfg = Debug|Any CPU
		{029F77F2-A5F1-4AE4-8213-C823B28CDB78}.Debug|Any CPU.Build.0 = Debug|Any CPU
		{029F77F2-A5F1-4AE4-8213-C823B28CDB78}.Release|Any CPU.ActiveCfg = Release|Any CPU
		{029F77F2-A5F1-4AE4-8213-C823B28CDB78}.Release|Any CPU.Build.0 = Release|Any CPU
		{85AEA2C4-0AD5-41E5-809E-53E4093D0BDF}.Debug|Any CPU.ActiveCfg = Debug|Any CPU
		{85AEA2C4-0AD5-41E5-809E-53E4093D0BDF}.Debug|Any CPU.Build.0 = Debug|Any CPU
		{85AEA2C4-0AD5-41E5-809E-53E4093D0BDF}.Release|Any CPU.ActiveCfg = Release|Any CPU
		{85AEA2C4-0AD5-41E5-809E-53E4093D0BDF}.Release|Any CPU.Build.0 = Release|Any CPU
		{D8D6E1EA-AFF2-4080-B78D-A9AF52D270C9}.Debug|Any CPU.ActiveCfg = Debug|Any CPU
		{D8D6E1EA-AFF2-4080-B78D-A9AF52D270C9}.Debug|Any CPU.Build.0 = Debug|Any CPU
		{D8D6E1EA-AFF2-4080-B78D-A9AF52D270C9}.Release|Any CPU.ActiveCfg = Release|Any CPU
		{D8D6E1EA-AFF2-4080-B78D-A9AF52D270C9}.Release|Any CPU.Build.0 = Release|Any CPU
		{626C3EFE-CE89-4379-88C0-1613C44C0A0C}.Debug|Any CPU.ActiveCfg = Debug|Any CPU
		{626C3EFE-CE89-4379-88C0-1613C44C0A0C}.Debug|Any CPU.Build.0 = Debug|Any CPU
		{626C3EFE-CE89-4379-88C0-1613C44C0A0C}.Release|Any CPU.ActiveCfg = Release|Any CPU
		{626C3EFE-CE89-4379-88C0-1613C44C0A0C}.Release|Any CPU.Build.0 = Release|Any CPU
	EndGlobalSection
	GlobalSection(SolutionProperties) = preSolution
		HideSolutionNode = FALSE
	EndGlobalSection
	GlobalSection(NestedProjects) = preSolution
		{53B41218-9271-4F24-B920-28BA078421C3} = {7449D752-0468-4C2F-8913-67B3341FD953}
		{029F77F2-A5F1-4AE4-8213-C823B28CDB78} = {7449D752-0468-4C2F-8913-67B3341FD953}
		{85AEA2C4-0AD5-41E5-809E-53E4093D0BDF} = {7449D752-0468-4C2F-8913-67B3341FD953}
		{5026BCC0-A4EC-49E1-B2C9-229FB6191EAA} = {645A0F7B-3700-4A76-B682-B14EC4405350}
		{D8D6E1EA-AFF2-4080-B78D-A9AF52D270C9} = {5026BCC0-A4EC-49E1-B2C9-229FB6191EAA}
		{626C3EFE-CE89-4379-88C0-1613C44C0A0C} = {5026BCC0-A4EC-49E1-B2C9-229FB6191EAA}
	EndGlobalSection
	GlobalSection(ExtensibilityGlobals) = postSolution
		SolutionGuid = {C6603D2B-9A5E-4A00-9847-16D1EB38B60D}
	EndGlobalSection
EndGlobal
